<?xml version="1.0" encoding="utf-8"?>
<Project ToolsVersion="4.0" xmlns="http://schemas.microsoft.com/developer/msbuild/2003">
  <ItemGroup>
    <Filter Include="Source Files">
      <UniqueIdentifier>{4FC737F1-C7A5-4376-A066-2A32D752A2FF}</UniqueIdentifier>
      <Extensions>cpp;c;cc;cxx;def;odl;idl;hpj;bat;asm;asmx</Extensions>
    </Filter>
    <Filter Include="Header Files">
      <UniqueIdentifier>{93995380-89BD-4b04-88EB-625FBE52EBFB}</UniqueIdentifier>
      <Extensions>h;hh;hpp;hxx;hm;inl;inc;ipp;xsd</Extensions>
    </Filter>
    <Filter Include="Resource Files">
      <UniqueIdentifier>{67DA6AB6-F800-4c08-8B7A-83BB121AAD01}</UniqueIdentifier>
      <Extensions>rc;ico;cur;bmp;dlg;rc2;rct;bin;rgs;gif;jpg;jpeg;jpe;resx;tiff;tif;png;wav;mfcribbon-ms</Extensions>
    </Filter>
    <Filter Include="Resource Files\Assets">
      <UniqueIdentifier>{b54cdfa5-ca34-4dda-8e66-09204a0ffc7f}</UniqueIdentifier>
    </Filter>
    <Filter Include="Resource Files\Assets\Textures">
      <UniqueIdentifier>{13ba5bd7-bd53-48d8-9935-9056013b0a45}</UniqueIdentifier>
    </Filter>
    <Filter Include="Header Files\Physics/Math">
      <UniqueIdentifier>{2f35cbb5-fe10-4894-acd6-bca09f792691}</UniqueIdentifier>
    </Filter>
    <Filter Include="Source Files\Physics/Math">
      <UniqueIdentifier>{382d2de3-136b-407b-8518-08f64be6f19e}</UniqueIdentifier>
    </Filter>
    <Filter Include="Source Files\Graphics">
      <UniqueIdentifier>{bef196ca-5bde-496c-b8b2-4e4011f1baa8}</UniqueIdentifier>
    </Filter>
    <Filter Include="Source Files\Game">
      <UniqueIdentifier>{b2467f03-da78-41e9-b132-2814f6673370}</UniqueIdentifier>
    </Filter>
    <Filter Include="Header Files\Graphics">
      <UniqueIdentifier>{d30ef268-b4b9-4a8e-bc50-f7c948015118}</UniqueIdentifier>
    </Filter>
    <Filter Include="Header Files\Game">
      <UniqueIdentifier>{f763cb9a-73f1-4454-8f6b-a7160fb5ce07}</UniqueIdentifier>
    </Filter>
  </ItemGroup>
  <ItemGroup>
    <ClCompile Include="main.cpp">
      <Filter>Source Files</Filter>
    </ClCompile>
    <ClCompile Include="Animations.cpp">
      <Filter>Source Files\Graphics</Filter>
    </ClCompile>
    <ClCompile Include="FocalCamera.cpp">
      <Filter>Source Files\Game</Filter>
    </ClCompile>
    <ClCompile Include="Functions.cpp">
      <Filter>Source Files\Physics/Math</Filter>
    </ClCompile>
    <ClCompile Include="Math.cpp">
      <Filter>Source Files\Physics/Math</Filter>
    </ClCompile>
    <ClCompile Include="PhysicsAttributes.cpp">
      <Filter>Source Files\Physics/Math</Filter>
    </ClCompile>
    <ClCompile Include="Player.cpp">
      <Filter>Source Files\Game</Filter>
    </ClCompile>
    <ClCompile Include="Particles.cpp">
      <Filter>Source Files\Graphics</Filter>
    </ClCompile>
  </ItemGroup>
  <ItemGroup>
    <ClInclude Include="Animations.h">
      <Filter>Header Files\Graphics</Filter>
    </ClInclude>
    <ClInclude Include="Player.h">
      <Filter>Header Files\Game</Filter>
    </ClInclude>
    <ClInclude Include="FocalCamera.h">
      <Filter>Header Files\Game</Filter>
    </ClInclude>
    <ClInclude Include="Functions.h">
      <Filter>Header Files\Physics/Math</Filter>
    </ClInclude>
    <ClInclude Include="Math.h">
      <Filter>Header Files\Physics/Math</Filter>
    </ClInclude>
    <ClInclude Include="PhysicsAttributes.h">
      <Filter>Header Files\Physics/Math</Filter>
    </ClInclude>
    <ClInclude Include="Particles.h">
      <Filter>Header Files\Graphics</Filter>
    </ClInclude>
  </ItemGroup>
  <ItemGroup>
    <Image Include="Assets\Textures\playerSheet.png">
      <Filter>Resource Files\Assets\Textures</Filter>
    </Image>
    <Image Include="Assets\Textures\smokeParticle.png">
      <Filter>Resource Files\Assets\Textures</Filter>
    </Image>
  </ItemGroup>
</Project>