
Microsoft Visual Studio Solution File, Format Version 12.00
# Visual Studio Version 16
VisualStudioVersion = 16.0.28803.202
MinimumVisualStudioVersion = 10.0.40219.1
Project("{FAE04EC0-301F-11D3-BF4B-00C04F79EFBC}") = "Platformer", "Platformer\Platformer.csproj", "{F86F40E0-E422-48CE-A468-B481B0C914E3}"
EndProject
Global
	GlobalSection(SolutionConfigurationPlatforms) = preSolution
		Debug|Any CPU = Debug|Any CPU
		Debug|x64 = Debug|x64
		Release|Any CPU = Release|Any CPU
		Release|x64 = Release|x64
	EndGlobalSection
	GlobalSection(ProjectConfigurationPlatforms) = postSolution
		{F86F40E0-E422-48CE-A468-B481B0C914E3}.Debug|Any CPU.ActiveCfg = Debug|x64
		{F86F40E0-E422-48CE-A468-B481B0C914E3}.Debug|Any CPU.Build.0 = Debug|x64
		{F86F40E0-E422-48CE-A468-B481B0C914E3}.Debug|x64.ActiveCfg = Debug|x64
		{F86F40E0-E422-48CE-A468-B481B0C914E3}.Debug|x64.Build.0 = Debug|x64
		{F86F40E0-E422-48CE-A468-B481B0C914E3}.Release|Any CPU.ActiveCfg = Release|Any CPU
		{F86F40E0-E422-48CE-A468-B481B0C914E3}.Release|Any CPU.Build.0 = Release|Any CPU
		{F86F40E0-E422-48CE-A468-B481B0C914E3}.Release|x64.ActiveCfg = Release|Any CPU
		{F86F40E0-E422-48CE-A468-B481B0C914E3}.Release|x64.Build.0 = Release|Any CPU
	EndGlobalSection
	GlobalSection(SolutionProperties) = preSolution
		HideSolutionNode = FALSE
	EndGlobalSection
	GlobalSection(ExtensibilityGlobals) = postSolution
		SolutionGuid = {EF1C7B10-6E6D-4F77-9EB2-749EE7CF1F29}
	EndGlobalSection
EndGlobal
